
Microsoft Visual Studio Solution File, Format Version 12.00
# Visual Studio 14
VisualStudioVersion = 14.0.25420.1
MinimumVisualStudioVersion = 10.0.40219.1
Project("{FAE04EC0-301F-11D3-BF4B-00C04F79EFBC}") = "Thesis", "Thesis\Thesis.csproj", "{515B06A0-8749-4A70-A412-FF32DED2CBB4}"
EndProject
Project("{FAE04EC0-301F-11D3-BF4B-00C04F79EFBC}") = "getMinSumPoint", "getMinSumPoint\getMinSumPoint.csproj", "{4CD50056-CE71-4E45-A11B-3EE48EAEB5F2}"
EndProject
Project("{FAE04EC0-301F-11D3-BF4B-00C04F79EFBC}") = "InterpolationByMinute", "InterpolationByMinute\InterpolationByMinute.csproj", "{B281ABF6-5AF1-4384-A744-9C59328D0405}"
EndProject
Project("{FAE04EC0-301F-11D3-BF4B-00C04F79EFBC}") = "Thiessen", "Thiessen\Thiessen.csproj", "{4AD580AC-A6EE-4234-975F-20B92781800A}"
EndProject
Project("{FAE04EC0-301F-11D3-BF4B-00C04F79EFBC}") = "Fishnet", "Fishnet\Fishnet.csproj", "{E02FF438-D66A-4950-AA08-C3EBCA60520A}"
EndProject
Project("{FAE04EC0-301F-11D3-BF4B-00C04F79EFBC}") = "P-median", "P-median\P-median.csproj", "{7E5BB6F5-5636-4E32-BD3B-B011556DCC4C}"
EndProject
Project("{FAE04EC0-301F-11D3-BF4B-00C04F79EFBC}") = "MergeData", "MergeData\MergeData.csproj", "{7B32CEE4-601D-4026-A40C-27AC196D3909}"
EndProject
Project("{FAE04EC0-301F-11D3-BF4B-00C04F79EFBC}") = "DiscMemory", "tmp\DiscMemory.csproj", "{363B556D-C410-4E73-B5AB-5B8B6AFD71B1}"
EndProject
Project("{FAE04EC0-301F-11D3-BF4B-00C04F79EFBC}") = "ReadAndSort", "Sort\ReadAndSort.csproj", "{B3FBBC3C-C6C7-4759-BA35-454E886A2675}"
EndProject
Project("{FAE04EC0-301F-11D3-BF4B-00C04F79EFBC}") = "TripCube", "TripCube\TripCube.csproj", "{B807F8C1-2D16-4B89-8856-5715E5943279}"
EndProject
Global
	GlobalSection(SolutionConfigurationPlatforms) = preSolution
		Debug|Any CPU = Debug|Any CPU
		Debug|x64 = Debug|x64
		Debug|x86 = Debug|x86
		Release|Any CPU = Release|Any CPU
		Release|x64 = Release|x64
		Release|x86 = Release|x86
	EndGlobalSection
	GlobalSection(ProjectConfigurationPlatforms) = postSolution
		{515B06A0-8749-4A70-A412-FF32DED2CBB4}.Debug|Any CPU.ActiveCfg = Debug|Any CPU
		{515B06A0-8749-4A70-A412-FF32DED2CBB4}.Debug|Any CPU.Build.0 = Debug|Any CPU
		{515B06A0-8749-4A70-A412-FF32DED2CBB4}.Debug|x64.ActiveCfg = Debug|Any CPU
		{515B06A0-8749-4A70-A412-FF32DED2CBB4}.Debug|x64.Build.0 = Debug|Any CPU
		{515B06A0-8749-4A70-A412-FF32DED2CBB4}.Debug|x86.ActiveCfg = Debug|Any CPU
		{515B06A0-8749-4A70-A412-FF32DED2CBB4}.Debug|x86.Build.0 = Debug|Any CPU
		{515B06A0-8749-4A70-A412-FF32DED2CBB4}.Release|Any CPU.ActiveCfg = Release|Any CPU
		{515B06A0-8749-4A70-A412-FF32DED2CBB4}.Release|Any CPU.Build.0 = Release|Any CPU
		{515B06A0-8749-4A70-A412-FF32DED2CBB4}.Release|x64.ActiveCfg = Release|Any CPU
		{515B06A0-8749-4A70-A412-FF32DED2CBB4}.Release|x64.Build.0 = Release|Any CPU
		{515B06A0-8749-4A70-A412-FF32DED2CBB4}.Release|x86.ActiveCfg = Release|Any CPU
		{515B06A0-8749-4A70-A412-FF32DED2CBB4}.Release|x86.Build.0 = Release|Any CPU
		{4CD50056-CE71-4E45-A11B-3EE48EAEB5F2}.Debug|Any CPU.ActiveCfg = Debug|Any CPU
		{4CD50056-CE71-4E45-A11B-3EE48EAEB5F2}.Debug|Any CPU.Build.0 = Debug|Any CPU
		{4CD50056-CE71-4E45-A11B-3EE48EAEB5F2}.Debug|x64.ActiveCfg = Debug|Any CPU
		{4CD50056-CE71-4E45-A11B-3EE48EAEB5F2}.Debug|x64.Build.0 = Debug|Any CPU
		{4CD50056-CE71-4E45-A11B-3EE48EAEB5F2}.Debug|x86.ActiveCfg = Debug|Any CPU
		{4CD50056-CE71-4E45-A11B-3EE48EAEB5F2}.Debug|x86.Build.0 = Debug|Any CPU
		{4CD50056-CE71-4E45-A11B-3EE48EAEB5F2}.Release|Any CPU.ActiveCfg = Release|Any CPU
		{4CD50056-CE71-4E45-A11B-3EE48EAEB5F2}.Release|Any CPU.Build.0 = Release|Any CPU
		{4CD50056-CE71-4E45-A11B-3EE48EAEB5F2}.Release|x64.ActiveCfg = Release|Any CPU
		{4CD50056-CE71-4E45-A11B-3EE48EAEB5F2}.Release|x64.Build.0 = Release|Any CPU
		{4CD50056-CE71-4E45-A11B-3EE48EAEB5F2}.Release|x86.ActiveCfg = Release|Any CPU
		{4CD50056-CE71-4E45-A11B-3EE48EAEB5F2}.Release|x86.Build.0 = Release|Any CPU
		{B281ABF6-5AF1-4384-A744-9C59328D0405}.Debug|Any CPU.ActiveCfg = Debug|Any CPU
		{B281ABF6-5AF1-4384-A744-9C59328D0405}.Debug|Any CPU.Build.0 = Debug|Any CPU
		{B281ABF6-5AF1-4384-A744-9C59328D0405}.Debug|x64.ActiveCfg = Debug|Any CPU
		{B281ABF6-5AF1-4384-A744-9C59328D0405}.Debug|x64.Build.0 = Debug|Any CPU
		{B281ABF6-5AF1-4384-A744-9C59328D0405}.Debug|x86.ActiveCfg = Debug|Any CPU
		{B281ABF6-5AF1-4384-A744-9C59328D0405}.Debug|x86.Build.0 = Debug|Any CPU
		{B281ABF6-5AF1-4384-A744-9C59328D0405}.Release|Any CPU.ActiveCfg = Release|Any CPU
		{B281ABF6-5AF1-4384-A744-9C59328D0405}.Release|Any CPU.Build.0 = Release|Any CPU
		{B281ABF6-5AF1-4384-A744-9C59328D0405}.Release|x64.ActiveCfg = Release|Any CPU
		{B281ABF6-5AF1-4384-A744-9C59328D0405}.Release|x64.Build.0 = Release|Any CPU
		{B281ABF6-5AF1-4384-A744-9C59328D0405}.Release|x86.ActiveCfg = Release|Any CPU
		{B281ABF6-5AF1-4384-A744-9C59328D0405}.Release|x86.Build.0 = Release|Any CPU
		{4AD580AC-A6EE-4234-975F-20B92781800A}.Debug|Any CPU.ActiveCfg = Debug|Any CPU
		{4AD580AC-A6EE-4234-975F-20B92781800A}.Debug|Any CPU.Build.0 = Debug|Any CPU
		{4AD580AC-A6EE-4234-975F-20B92781800A}.Debug|x64.ActiveCfg = Debug|Any CPU
		{4AD580AC-A6EE-4234-975F-20B92781800A}.Debug|x64.Build.0 = Debug|Any CPU
		{4AD580AC-A6EE-4234-975F-20B92781800A}.Debug|x86.ActiveCfg = Debug|Any CPU
		{4AD580AC-A6EE-4234-975F-20B92781800A}.Debug|x86.Build.0 = Debug|Any CPU
		{4AD580AC-A6EE-4234-975F-20B92781800A}.Release|Any CPU.ActiveCfg = Release|Any CPU
		{4AD580AC-A6EE-4234-975F-20B92781800A}.Release|Any CPU.Build.0 = Release|Any CPU
		{4AD580AC-A6EE-4234-975F-20B92781800A}.Release|x64.ActiveCfg = Release|Any CPU
		{4AD580AC-A6EE-4234-975F-20B92781800A}.Release|x64.Build.0 = Release|Any CPU
		{4AD580AC-A6EE-4234-975F-20B92781800A}.Release|x86.ActiveCfg = Release|Any CPU
		{4AD580AC-A6EE-4234-975F-20B92781800A}.Release|x86.Build.0 = Release|Any CPU
		{E02FF438-D66A-4950-AA08-C3EBCA60520A}.Debug|Any CPU.ActiveCfg = Debug|Any CPU
		{E02FF438-D66A-4950-AA08-C3EBCA60520A}.Debug|Any CPU.Build.0 = Debug|Any CPU
		{E02FF438-D66A-4950-AA08-C3EBCA60520A}.Debug|x64.ActiveCfg = Debug|Any CPU
		{E02FF438-D66A-4950-AA08-C3EBCA60520A}.Debug|x64.Build.0 = Debug|Any CPU
		{E02FF438-D66A-4950-AA08-C3EBCA60520A}.Debug|x86.ActiveCfg = Debug|Any CPU
		{E02FF438-D66A-4950-AA08-C3EBCA60520A}.Debug|x86.Build.0 = Debug|Any CPU
		{E02FF438-D66A-4950-AA08-C3EBCA60520A}.Release|Any CPU.ActiveCfg = Release|Any CPU
		{E02FF438-D66A-4950-AA08-C3EBCA60520A}.Release|Any CPU.Build.0 = Release|Any CPU
		{E02FF438-D66A-4950-AA08-C3EBCA60520A}.Release|x64.ActiveCfg = Release|Any CPU
		{E02FF438-D66A-4950-AA08-C3EBCA60520A}.Release|x64.Build.0 = Release|Any CPU
		{E02FF438-D66A-4950-AA08-C3EBCA60520A}.Release|x86.ActiveCfg = Release|Any CPU
		{E02FF438-D66A-4950-AA08-C3EBCA60520A}.Release|x86.Build.0 = Release|Any CPU
		{7E5BB6F5-5636-4E32-BD3B-B011556DCC4C}.Debug|Any CPU.ActiveCfg = Debug|Any CPU
		{7E5BB6F5-5636-4E32-BD3B-B011556DCC4C}.Debug|Any CPU.Build.0 = Debug|Any CPU
		{7E5BB6F5-5636-4E32-BD3B-B011556DCC4C}.Debug|x64.ActiveCfg = Debug|Any CPU
		{7E5BB6F5-5636-4E32-BD3B-B011556DCC4C}.Debug|x64.Build.0 = Debug|Any CPU
		{7E5BB6F5-5636-4E32-BD3B-B011556DCC4C}.Debug|x86.ActiveCfg = Debug|Any CPU
		{7E5BB6F5-5636-4E32-BD3B-B011556DCC4C}.Debug|x86.Build.0 = Debug|Any CPU
		{7E5BB6F5-5636-4E32-BD3B-B011556DCC4C}.Release|Any CPU.ActiveCfg = Release|Any CPU
		{7E5BB6F5-5636-4E32-BD3B-B011556DCC4C}.Release|Any CPU.Build.0 = Release|Any CPU
		{7E5BB6F5-5636-4E32-BD3B-B011556DCC4C}.Release|x64.ActiveCfg = Release|Any CPU
		{7E5BB6F5-5636-4E32-BD3B-B011556DCC4C}.Release|x64.Build.0 = Release|Any CPU
		{7E5BB6F5-5636-4E32-BD3B-B011556DCC4C}.Release|x86.ActiveCfg = Release|Any CPU
		{7E5BB6F5-5636-4E32-BD3B-B011556DCC4C}.Release|x86.Build.0 = Release|Any CPU
		{7B32CEE4-601D-4026-A40C-27AC196D3909}.Debug|Any CPU.ActiveCfg = Debug|Any CPU
		{7B32CEE4-601D-4026-A40C-27AC196D3909}.Debug|Any CPU.Build.0 = Debug|Any CPU
		{7B32CEE4-601D-4026-A40C-27AC196D3909}.Debug|x64.ActiveCfg = Debug|Any CPU
		{7B32CEE4-601D-4026-A40C-27AC196D3909}.Debug|x64.Build.0 = Debug|Any CPU
		{7B32CEE4-601D-4026-A40C-27AC196D3909}.Debug|x86.ActiveCfg = Debug|Any CPU
		{7B32CEE4-601D-4026-A40C-27AC196D3909}.Debug|x86.Build.0 = Debug|Any CPU
		{7B32CEE4-601D-4026-A40C-27AC196D3909}.Release|Any CPU.ActiveCfg = Release|Any CPU
		{7B32CEE4-601D-4026-A40C-27AC196D3909}.Release|Any CPU.Build.0 = Release|Any CPU
		{7B32CEE4-601D-4026-A40C-27AC196D3909}.Release|x64.ActiveCfg = Release|Any CPU
		{7B32CEE4-601D-4026-A40C-27AC196D3909}.Release|x64.Build.0 = Release|Any CPU
		{7B32CEE4-601D-4026-A40C-27AC196D3909}.Release|x86.ActiveCfg = Release|Any CPU
		{7B32CEE4-601D-4026-A40C-27AC196D3909}.Release|x86.Build.0 = Release|Any CPU
		{363B556D-C410-4E73-B5AB-5B8B6AFD71B1}.Debug|Any CPU.ActiveCfg = Debug|Any CPU
		{363B556D-C410-4E73-B5AB-5B8B6AFD71B1}.Debug|Any CPU.Build.0 = Debug|Any CPU
		{363B556D-C410-4E73-B5AB-5B8B6AFD71B1}.Debug|x64.ActiveCfg = Debug|Any CPU
		{363B556D-C410-4E73-B5AB-5B8B6AFD71B1}.Debug|x64.Build.0 = Debug|Any CPU
		{363B556D-C410-4E73-B5AB-5B8B6AFD71B1}.Debug|x86.ActiveCfg = Debug|Any CPU
		{363B556D-C410-4E73-B5AB-5B8B6AFD71B1}.Debug|x86.Build.0 = Debug|Any CPU
		{363B556D-C410-4E73-B5AB-5B8B6AFD71B1}.Release|Any CPU.ActiveCfg = Release|Any CPU
		{363B556D-C410-4E73-B5AB-5B8B6AFD71B1}.Release|Any CPU.Build.0 = Release|Any CPU
		{363B556D-C410-4E73-B5AB-5B8B6AFD71B1}.Release|x64.ActiveCfg = Release|Any CPU
		{363B556D-C410-4E73-B5AB-5B8B6AFD71B1}.Release|x64.Build.0 = Release|Any CPU
		{363B556D-C410-4E73-B5AB-5B8B6AFD71B1}.Release|x86.ActiveCfg = Release|Any CPU
		{363B556D-C410-4E73-B5AB-5B8B6AFD71B1}.Release|x86.Build.0 = Release|Any CPU
		{B3FBBC3C-C6C7-4759-BA35-454E886A2675}.Debug|Any CPU.ActiveCfg = Debug|Any CPU
		{B3FBBC3C-C6C7-4759-BA35-454E886A2675}.Debug|Any CPU.Build.0 = Debug|Any CPU
		{B3FBBC3C-C6C7-4759-BA35-454E886A2675}.Debug|x64.ActiveCfg = Debug|Any CPU
		{B3FBBC3C-C6C7-4759-BA35-454E886A2675}.Debug|x64.Build.0 = Debug|Any CPU
		{B3FBBC3C-C6C7-4759-BA35-454E886A2675}.Debug|x86.ActiveCfg = Debug|Any CPU
		{B3FBBC3C-C6C7-4759-BA35-454E886A2675}.Debug|x86.Build.0 = Debug|Any CPU
		{B3FBBC3C-C6C7-4759-BA35-454E886A2675}.Release|Any CPU.ActiveCfg = Release|Any CPU
		{B3FBBC3C-C6C7-4759-BA35-454E886A2675}.Release|Any CPU.Build.0 = Release|Any CPU
		{B3FBBC3C-C6C7-4759-BA35-454E886A2675}.Release|x64.ActiveCfg = Release|Any CPU
		{B3FBBC3C-C6C7-4759-BA35-454E886A2675}.Release|x64.Build.0 = Release|Any CPU
		{B3FBBC3C-C6C7-4759-BA35-454E886A2675}.Release|x86.ActiveCfg = Release|Any CPU
		{B3FBBC3C-C6C7-4759-BA35-454E886A2675}.Release|x86.Build.0 = Release|Any CPU
		{B807F8C1-2D16-4B89-8856-5715E5943279}.Debug|Any CPU.ActiveCfg = Debug|Any CPU
		{B807F8C1-2D16-4B89-8856-5715E5943279}.Debug|Any CPU.Build.0 = Debug|Any CPU
		{B807F8C1-2D16-4B89-8856-5715E5943279}.Debug|x64.ActiveCfg = Debug|Any CPU
		{B807F8C1-2D16-4B89-8856-5715E5943279}.Debug|x64.Build.0 = Debug|Any CPU
		{B807F8C1-2D16-4B89-8856-5715E5943279}.Debug|x86.ActiveCfg = Debug|Any CPU
		{B807F8C1-2D16-4B89-8856-5715E5943279}.Debug|x86.Build.0 = Debug|Any CPU
		{B807F8C1-2D16-4B89-8856-5715E5943279}.Release|Any CPU.ActiveCfg = Release|Any CPU
		{B807F8C1-2D16-4B89-8856-5715E5943279}.Release|Any CPU.Build.0 = Release|Any CPU
		{B807F8C1-2D16-4B89-8856-5715E5943279}.Release|x64.ActiveCfg = Release|Any CPU
		{B807F8C1-2D16-4B89-8856-5715E5943279}.Release|x64.Build.0 = Release|Any CPU
		{B807F8C1-2D16-4B89-8856-5715E5943279}.Release|x86.ActiveCfg = Release|Any CPU
		{B807F8C1-2D16-4B89-8856-5715E5943279}.Release|x86.Build.0 = Release|Any CPU
	EndGlobalSection
	GlobalSection(SolutionProperties) = preSolution
		HideSolutionNode = FALSE
	EndGlobalSection
EndGlobal
